%{
  "brod": {:hex, :brod, "3.15.1", "073b0e16f4193291a05e01ae36351ddba1bda85ad4f90f66566c8123a335150e", [:rebar3], [{:kafka_protocol, "2.3.6", [hex: :kafka_protocol, repo: "hexpm", optional: false]}, {:supervisor3, "1.1.11", [hex: :supervisor3, repo: "hexpm", optional: false]}], "hexpm", "170216364cb9c72201ab59416ec7283d5e3fc094406b03210df6be0347234c4e"},
  "cainophile": {:hex, :cainophile, "0.1.0", "84470e936e3d7766de6f6e577c0f426d16a06d4e078f932679f245bb49b3d04e", [:mix], [{:epgsql, "~> 4.2", [hex: :epgsql, repo: "hexpm", optional: false]}, {:pgoutput_decoder, "~> 0.1.0", [hex: :pgoutput_decoder, repo: "hexpm", optional: false]}], "hexpm", "ce56dd94b1e828c9927411ea8c72b2a089739c3b65eebcf47f260eae769472c9"},
  "connection": {:hex, :connection, "1.1.0", "ff2a49c4b75b6fb3e674bfc5536451607270aac754ffd1bdfe175abe4a6d7a68", [:mix], [], "hexpm", "722c1eb0a418fbe91ba7bd59a47e28008a189d47e37e0e7bb85585a016b2869c"},
  "crc32cer": {:hex, :crc32cer, "0.1.4", "a656dff19474d1a1fc5bb0081610ab6b0695b23affc47fa90abeb079a8ef9752", [:rebar3], [], "hexpm", "964735a5422cf65bbc5354860a560fff546f0026f83f8860525bd58ab5bade5d"},
  "datum": {:git, "https://github.com/fogfish/datum", "7814f88bd7ef7beb41f54ba73486c66cbf5b4a24", [branch: "master"]},
  "db_connection": {:hex, :db_connection, "2.3.1", "4c9f3ed1ef37471cbdd2762d6655be11e38193904d9c5c1c9389f1b891a3088e", [:mix], [{:connection, "~> 1.0", [hex: :connection, repo: "hexpm", optional: false]}], "hexpm", "abaab61780dde30301d840417890bd9f74131041afd02174cf4e10635b3a63f5"},
  "decimal": {:hex, :decimal, "2.0.0", "a78296e617b0f5dd4c6caf57c714431347912ffb1d0842e998e9792b5642d697", [:mix], [], "hexpm", "34666e9c55dea81013e77d9d87370fe6cb6291d1ef32f46a1600230b1d44f577"},
  "ecto": {:hex, :ecto, "3.5.5", "48219a991bb86daba6e38a1e64f8cea540cded58950ff38fbc8163e062281a07", [:mix], [{:decimal, "~> 1.6 or ~> 2.0", [hex: :decimal, repo: "hexpm", optional: false]}, {:jason, "~> 1.0", [hex: :jason, repo: "hexpm", optional: true]}, {:telemetry, "~> 0.4", [hex: :telemetry, repo: "hexpm", optional: false]}], "hexpm", "98dd0e5e1de7f45beca6130d13116eae675db59adfa055fb79612406acf6f6f1"},
  "epgsql": {:hex, :epgsql, "4.5.0", "ca863ee3a771e7696ae58ec924a29df8435cdaffa64dba70c02dd2571ad2122d", [:rebar3], [], "hexpm", "0a02d338cc1426c5873b412fed9d694f7b5143933c5f85f244655a5e77b23078"},
  "erlkaf": {:git, "https://github.com/silviucpp/erlkaf.git", "0ef1609b682fc7d7a53250951206fba7dd15d77b", [branch: :master]},
  "esq": {:git, "https://github.com/fogfish/esq.git", "d4be009cace3aa901966c60947ea9dfe0fe6aefd", [ref: "d4be009cace3aa901966c60947ea9dfe0fe6aefd"]},
  "feta": {:git, "https://github.com/fogfish/feta", "c5d251b3f995b96afd5e8ec7da61516842aa658c", [branch: "master"]},
  "goldrush": {:git, "https://github.com/DeadZen/goldrush.git", "8f1b715d36b650ec1e1f5612c00e28af6ab0de82", [tag: "0.1.9"]},
  "inflex": {:hex, :inflex, "2.0.0", "db69d542b8fdb23ac667f9bc0c2395a3983fa2da6ae2efa7ab5dc541928f7a75", [:mix], [], "hexpm", "c018852409bd48b03ad96ed53594186bc074bdd1519043a0ad1fa5697aac4399"},
  "jason": {:hex, :jason, "1.2.2", "ba43e3f2709fd1aa1dce90aaabfd039d000469c05c56f0b8e31978e03fa39052", [:mix], [{:decimal, "~> 1.0 or ~> 2.0", [hex: :decimal, repo: "hexpm", optional: true]}], "hexpm", "18a228f5f0058ee183f29f9eae0805c6e59d61c3b006760668d8d18ff0d12179"},
  "jsone": {:git, "https://github.com/sile/jsone.git", "b0b037df7c1a8ee99c9f1bd124cd72e550a87936", [tag: "1.4.5"]},
  "kafka_protocol": {:hex, :kafka_protocol, "2.3.6", "df076a8ef49fffae3535c805cb00f3a057ce1895e63398bf8a10569eeeac02f8", [:rebar, :rebar3], [{:crc32cer, "0.1.4", [hex: :crc32cer, repo: "hexpm", optional: false]}, {:snappyer, "1.2.5", [hex: :snappyer, repo: "hexpm", optional: false]}], "hexpm", "7cb061fe46babc7fd269d2c0e5b4dba5d1efc4f7dacce85b17a9cca973106b23"},
  "lager": {:git, "https://github.com/erlang-lager/lager.git", "a10c23c51dea6bbd63e5048c8a5a702169973114", [tag: "3.4.2"]},
  "pgoutput_decoder": {:hex, :pgoutput_decoder, "0.1.0", "d4ffae6e58a563f2e6de8a0495d9f9afbe2f4ac75d6805419cd4a0d05f414c00", [:mix], [], "hexpm", "4dbecbe4eb8de728178fd129ccba810bccafa9a8769c6714c8b7b22963081c27"},
  "pipe": {:git, "https://github.com/kfsm/pipe", "aed374ffc2f9f0bfd8ce1f03a7b923f8b9fe9718", [branch: "master"]},
  "plists": {:git, "https://github.com/silviucpp/plists.git", "13f6c97bd432bfa493d93b279e7b90d22ff6971a", [tag: "1.1.2"]},
  "poolboy": {:hex, :poolboy, "1.5.1", "6b46163901cfd0a1b43d692657ed9d7e599853b3b21b95ae5ae0a777cf9b6ca8", [:rebar], [], "hexpm"},
  "postgrex": {:hex, :postgrex, "0.15.7", "724410acd48abac529d0faa6c2a379fb8ae2088e31247687b16cacc0e0883372", [:mix], [{:connection, "~> 1.0", [hex: :connection, repo: "hexpm", optional: false]}, {:db_connection, "~> 2.1", [hex: :db_connection, repo: "hexpm", optional: false]}, {:decimal, "~> 1.5 or ~> 2.0", [hex: :decimal, repo: "hexpm", optional: false]}, {:jason, "~> 1.0", [hex: :jason, repo: "hexpm", optional: true]}], "hexpm", "88310c010ff047cecd73d5ceca1d99205e4b1ab1b9abfdab7e00f5c9d20ef8f9"},
  "snappyer": {:hex, :snappyer, "1.2.5", "9154b9ac84031f0a799f72a4aa87df23ab2193b5631475fa2cdc304382d2df77", [:rebar3], [], "hexpm", "d2adc26a81efd5f138397a38a0bb545188d302972721f8be0de37fa452c8aed7"},
  "supervisor3": {:hex, :supervisor3, "1.1.11", "d81cdec31d102fde407423e1d05b569572850deebed86b951d5233c387cba80b", [:rebar3], [], "hexpm", "e6c2dedbcabcba24995a218aca12db5e208b80d3252692b22ef0f1a266104b50"},
  "telemetry": {:hex, :telemetry, "0.4.2", "2808c992455e08d6177322f14d3bdb6b625fbcfd233a73505870d8738a2f4599", [:rebar3], [], "hexpm", "2d1419bd9dda6a206d7b5852179511722e2b18812310d304620c7bd92a13fcef"},
  "uid": {:git, "https://github.com/fogfish/uid", "698ebcb27b273a2f879d8bd24be5f5ea54c98850", [branch: "master"]},
}
