%{
  "brod": {:hex, :brod, "3.4.0", "34664713baaa60aed3b560c6a679cf90ace8dde8672732e730218db57440e37a", [:make, :rebar, :rebar3], [{:kafka_protocol, "1.1.2", [hex: :kafka_protocol, repo: "hexpm", optional: false]}, {:supervisor3, "1.1.5", [hex: :supervisor3, repo: "hexpm", optional: false]}], "hexpm"},
  "connection": {:hex, :connection, "1.0.4", "a1cae72211f0eef17705aaededacac3eb30e6625b04a6117c1b2db6ace7d5976", [:mix], [], "hexpm"},
  "datum": {:git, "https://github.com/fogfish/datum", "7814f88bd7ef7beb41f54ba73486c66cbf5b4a24", [branch: "master"]},
  "db_connection": {:hex, :db_connection, "2.1.1", "a51e8a2ee54ef2ae6ec41a668c85787ed40cb8944928c191280fe34c15b76ae5", [:mix], [{:connection, "~> 1.0.2", [hex: :connection, repo: "hexpm", optional: false]}], "hexpm"},
  "decimal": {:hex, :decimal, "1.8.0", "ca462e0d885f09a1c5a342dbd7c1dcf27ea63548c65a65e67334f4b61803822e", [:mix], [], "hexpm"},
  "ecto": {:hex, :ecto, "3.2.3", "51274df79862845b388733fddcf6f107d0c8c86e27abe7131fa98f8d30761bda", [:mix], [{:decimal, "~> 1.6", [hex: :decimal, repo: "hexpm", optional: false]}, {:jason, "~> 1.0", [hex: :jason, repo: "hexpm", optional: true]}], "hexpm"},
  "erlkaf": {:git, "https://github.com/silviucpp/erlkaf.git", "0ef1609b682fc7d7a53250951206fba7dd15d77b", [branch: :master]},
  "esq": {:git, "https://github.com/fogfish/esq.git", "d4be009cace3aa901966c60947ea9dfe0fe6aefd", [ref: "d4be009cace3aa901966c60947ea9dfe0fe6aefd"]},
  "feta": {:git, "https://github.com/fogfish/feta", "c5d251b3f995b96afd5e8ec7da61516842aa658c", [branch: "master"]},
  "goldrush": {:git, "https://github.com/DeadZen/goldrush.git", "8f1b715d36b650ec1e1f5612c00e28af6ab0de82", [tag: "0.1.9"]},
  "jsone": {:git, "https://github.com/sile/jsone.git", "b0b037df7c1a8ee99c9f1bd124cd72e550a87936", [tag: "1.4.5"]},
  "kafka_protocol": {:hex, :kafka_protocol, "1.1.2", "96d09c4287377795ae2c488aceae2dc6872b94edba8309a27ace933d9ae32333", [:rebar, :rebar3], [{:snappyer, "1.2.1", [hex: :snappyer, repo: "hexpm", optional: false]}], "hexpm"},
  "lager": {:git, "https://github.com/erlang-lager/lager.git", "a10c23c51dea6bbd63e5048c8a5a702169973114", [tag: "3.4.2"]},
  "pipe": {:git, "https://github.com/kfsm/pipe", "aed374ffc2f9f0bfd8ce1f03a7b923f8b9fe9718", [branch: "master"]},
  "plists": {:git, "https://github.com/silviucpp/plists.git", "13f6c97bd432bfa493d93b279e7b90d22ff6971a", [tag: "1.1.2"]},
  "poolboy": {:hex, :poolboy, "1.5.1", "6b46163901cfd0a1b43d692657ed9d7e599853b3b21b95ae5ae0a777cf9b6ca8", [:rebar], [], "hexpm"},
  "postgrex": {:hex, :postgrex, "0.15.1", "23ce3417de70f4c0e9e7419ad85bdabcc6860a6925fe2c6f3b1b5b1e8e47bf2f", [:mix], [{:connection, "~> 1.0", [hex: :connection, repo: "hexpm", optional: false]}, {:db_connection, "~> 2.1", [hex: :db_connection, repo: "hexpm", optional: false]}, {:decimal, "~> 1.5", [hex: :decimal, repo: "hexpm", optional: false]}, {:jason, "~> 1.0", [hex: :jason, repo: "hexpm", optional: true]}], "hexpm"},
  "snappyer": {:hex, :snappyer, "1.2.1", "06c5f5c8afe80ba38e94e1ca1bd9253de95d8f2c85b08783e8d0f63815580556", [:make, :rebar, :rebar3], [], "hexpm"},
  "supervisor3": {:hex, :supervisor3, "1.1.5", "5f3c487a6eba23de0e64c06e93efa0eca06f40324a6412c1318c77aca6da8424", [:make, :rebar, :rebar3], [], "hexpm"},
  "uid": {:git, "https://github.com/fogfish/uid", "698ebcb27b273a2f879d8bd24be5f5ea54c98850", [branch: "master"]},
}
