%{
  "brod": {:hex, :brod, "3.9.0", "1b78cba96208065fe51d05c3d5630f20206189ec7b4318eaa77ff87cbdb581cd", [:make, :rebar, :rebar3], [{:kafka_protocol, "2.3.1", [hex: :kafka_protocol, repo: "hexpm", optional: false]}, {:supervisor3, "1.1.8", [hex: :supervisor3, repo: "hexpm", optional: false]}], "hexpm"},
  "connection": {:hex, :connection, "1.0.4", "a1cae72211f0eef17705aaededacac3eb30e6625b04a6117c1b2db6ace7d5976", [:mix], [], "hexpm"},
  "crc32cer": {:hex, :crc32cer, "0.1.3", "8984906c4b4fae6aa292c48f286a1c83b19ad44bd102287acb94d696015967ce", [:make, :rebar, :rebar3], [], "hexpm"},
  "datum": {:git, "https://github.com/fogfish/datum", "7814f88bd7ef7beb41f54ba73486c66cbf5b4a24", [branch: "master"]},
  "db_connection": {:hex, :db_connection, "2.1.1", "a51e8a2ee54ef2ae6ec41a668c85787ed40cb8944928c191280fe34c15b76ae5", [:mix], [{:connection, "~> 1.0.2", [hex: :connection, repo: "hexpm", optional: false]}], "hexpm"},
  "decimal": {:hex, :decimal, "1.8.0", "ca462e0d885f09a1c5a342dbd7c1dcf27ea63548c65a65e67334f4b61803822e", [:mix], [], "hexpm"},
  "ecto": {:hex, :ecto, "3.2.3", "51274df79862845b388733fddcf6f107d0c8c86e27abe7131fa98f8d30761bda", [:mix], [{:decimal, "~> 1.6", [hex: :decimal, repo: "hexpm", optional: false]}, {:jason, "~> 1.0", [hex: :jason, repo: "hexpm", optional: true]}], "hexpm"},
  "erlkaf": {:git, "https://github.com/silviucpp/erlkaf.git", "0ef1609b682fc7d7a53250951206fba7dd15d77b", [branch: :master]},
  "esq": {:git, "https://github.com/fogfish/esq.git", "d4be009cace3aa901966c60947ea9dfe0fe6aefd", [ref: "d4be009cace3aa901966c60947ea9dfe0fe6aefd"]},
  "feta": {:git, "https://github.com/fogfish/feta", "c5d251b3f995b96afd5e8ec7da61516842aa658c", [branch: "master"]},
  "goldrush": {:git, "https://github.com/DeadZen/goldrush.git", "8f1b715d36b650ec1e1f5612c00e28af6ab0de82", [tag: "0.1.9"]},
  "jason": {:hex, :jason, "1.1.2", "b03dedea67a99223a2eaf9f1264ce37154564de899fd3d8b9a21b1a6fd64afe7", [:mix], [{:decimal, "~> 1.0", [hex: :decimal, repo: "hexpm", optional: true]}], "hexpm"},
  "jsone": {:git, "https://github.com/sile/jsone.git", "b0b037df7c1a8ee99c9f1bd124cd72e550a87936", [tag: "1.4.5"]},
  "kafka_protocol": {:hex, :kafka_protocol, "2.3.1", "5a9afdf022db64f0dc4f1b611bff44c2f71b16782524e544e3f96f9ce08bd82d", [:rebar, :rebar3], [{:crc32cer, "0.1.3", [hex: :crc32cer, repo: "hexpm", optional: false]}, {:snappyer, "1.2.4", [hex: :snappyer, repo: "hexpm", optional: false]}], "hexpm"},
  "lager": {:git, "https://github.com/erlang-lager/lager.git", "a10c23c51dea6bbd63e5048c8a5a702169973114", [tag: "3.4.2"]},
  "pipe": {:git, "https://github.com/kfsm/pipe", "aed374ffc2f9f0bfd8ce1f03a7b923f8b9fe9718", [branch: "master"]},
  "plists": {:git, "https://github.com/silviucpp/plists.git", "13f6c97bd432bfa493d93b279e7b90d22ff6971a", [tag: "1.1.2"]},
  "poolboy": {:hex, :poolboy, "1.5.1", "6b46163901cfd0a1b43d692657ed9d7e599853b3b21b95ae5ae0a777cf9b6ca8", [:rebar], [], "hexpm"},
  "postgrex": {:hex, :postgrex, "0.15.1", "23ce3417de70f4c0e9e7419ad85bdabcc6860a6925fe2c6f3b1b5b1e8e47bf2f", [:mix], [{:connection, "~> 1.0", [hex: :connection, repo: "hexpm", optional: false]}, {:db_connection, "~> 2.1", [hex: :db_connection, repo: "hexpm", optional: false]}, {:decimal, "~> 1.5", [hex: :decimal, repo: "hexpm", optional: false]}, {:jason, "~> 1.0", [hex: :jason, repo: "hexpm", optional: true]}], "hexpm"},
  "snappyer": {:hex, :snappyer, "1.2.4", "6d739c534cd2339633127a2b40279be71f149e5842c5363a4d88e66efb7c1fec", [:make, :rebar, :rebar3], [], "hexpm"},
  "supervisor3": {:hex, :supervisor3, "1.1.8", "5cf95c95342b589ec8d74689eea0646c0a3eb92820241e0c2d0ca4c104df92bc", [:make, :rebar, :rebar3], [], "hexpm"},
  "uid": {:git, "https://github.com/fogfish/uid", "698ebcb27b273a2f879d8bd24be5f5ea54c98850", [branch: "master"]},
}
